// !$*UTF8*$!
{
	archiveVersion = 1;
	classes = {
	};
	objectVersion = 50;
	objects = {

/* Begin PBXBuildFile section */
		24579BBD2BFC36A200412992 /* NetworkClient.m in Sources */ = {isa = PBXBuildFile; fileRef = 24579BB52BFC36A100412992 /* NetworkClient.m */; };
		24579BBF2BFC36A200412992 /* CheckeredBoardView.m in Sources */ = {isa = PBXBuildFile; fileRef = 24579BB82BFC36A100412992 /* CheckeredBoardView.m */; };
		24579BC02BFC36A200412992 /* CheckeredView.m in Sources */ = {isa = PBXBuildFile; fileRef = 24579BB92BFC36A100412992 /* CheckeredView.m */; };
		24B9C9B22BFC34CB00C3A00C /* AppDelegate.m in Sources */ = {isa = PBXBuildFile; fileRef = 24B9C9B12BFC34CB00C3A00C /* AppDelegate.m */; };
		24B9C9B52BFC34CB00C3A00C /* SceneDelegate.m in Sources */ = {isa = PBXBuildFile; fileRef = 24B9C9B42BFC34CB00C3A00C /* SceneDelegate.m */; };
		24B9C9B82BFC34CB00C3A00C /* ViewController.m in Sources */ = {isa = PBXBuildFile; fileRef = 24B9C9B72BFC34CB00C3A00C /* ViewController.m */; };
		24B9C9BB2BFC34CB00C3A00C /* Main.storyboard in Resources */ = {isa = PBXBuildFile; fileRef = 24B9C9B92BFC34CB00C3A00C /* Main.storyboard */; };
		24B9C9BD2BFC34CD00C3A00C /* Assets.xcassets in Resources */ = {isa = PBXBuildFile; fileRef = 24B9C9BC2BFC34CD00C3A00C /* Assets.xcassets */; };
		24B9C9C02BFC34CD00C3A00C /* LaunchScreen.storyboard in Resources */ = {isa = PBXBuildFile; fileRef = 24B9C9BE2BFC34CD00C3A00C /* LaunchScreen.storyboard */; };
		24B9C9C32BFC34CD00C3A00C /* main.m in Sources */ = {isa = PBXBuildFile; fileRef = 24B9C9C22BFC34CD00C3A00C /* main.m */; };
		51536F2C9A184448C7EDA743 /* Pods_IDChessboard.framework in Frameworks */ = {isa = PBXBuildFile; fileRef = 5C3BB4A9C6E301BDEF6E8EA6 /* Pods_IDChessboard.framework */; };
/* End PBXBuildFile section */

/* Begin PBXFileReference section */
		24579BB52BFC36A100412992 /* NetworkClient.m */ = {isa = PBXFileReference; fileEncoding = 4; lastKnownFileType = sourcecode.c.objc; path = NetworkClient.m; sourceTree = "<group>"; };
		24579BB62BFC36A100412992 /* CheckeredBoardView.h */ = {isa = PBXFileReference; fileEncoding = 4; lastKnownFileType = sourcecode.c.h; path = CheckeredBoardView.h; sourceTree = "<group>"; };
		24579BB82BFC36A100412992 /* CheckeredBoardView.m */ = {isa = PBXFileReference; fileEncoding = 4; lastKnownFileType = sourcecode.c.objc; path = CheckeredBoardView.m; sourceTree = "<group>"; };
		24579BB92BFC36A100412992 /* CheckeredView.m */ = {isa = PBXFileReference; fileEncoding = 4; lastKnownFileType = sourcecode.c.objc; path = CheckeredView.m; sourceTree = "<group>"; };
		24579BBA2BFC36A200412992 /* CheckeredView.h */ = {isa = PBXFileReference; fileEncoding = 4; lastKnownFileType = sourcecode.c.h; path = CheckeredView.h; sourceTree = "<group>"; };
		24579BBC2BFC36A200412992 /* NetworkClient.h */ = {isa = PBXFileReference; fileEncoding = 4; lastKnownFileType = sourcecode.c.h; path = NetworkClient.h; sourceTree = "<group>"; };
		24B9C9AD2BFC34CB00C3A00C /* IDChessboard.app */ = {isa = PBXFileReference; explicitFileType = wrapper.application; includeInIndex = 0; path = IDChessboard.app; sourceTree = BUILT_PRODUCTS_DIR; };
		24B9C9B02BFC34CB00C3A00C /* AppDelegate.h */ = {isa = PBXFileReference; lastKnownFileType = sourcecode.c.h; path = AppDelegate.h; sourceTree = "<group>"; };
		24B9C9B12BFC34CB00C3A00C /* AppDelegate.m */ = {isa = PBXFileReference; lastKnownFileType = sourcecode.c.objc; path = AppDelegate.m; sourceTree = "<group>"; };
		24B9C9B32BFC34CB00C3A00C /* SceneDelegate.h */ = {isa = PBXFileReference; lastKnownFileType = sourcecode.c.h; path = SceneDelegate.h; sourceTree = "<group>"; };
		24B9C9B42BFC34CB00C3A00C /* SceneDelegate.m */ = {isa = PBXFileReference; lastKnownFileType = sourcecode.c.objc; path = SceneDelegate.m; sourceTree = "<group>"; };
		24B9C9B62BFC34CB00C3A00C /* ViewController.h */ = {isa = PBXFileReference; lastKnownFileType = sourcecode.c.h; path = ViewController.h; sourceTree = "<group>"; };
		24B9C9B72BFC34CB00C3A00C /* ViewController.m */ = {isa = PBXFileReference; lastKnownFileType = sourcecode.c.objc; path = ViewController.m; sourceTree = "<group>"; };
		24B9C9BA2BFC34CB00C3A00C /* Base */ = {isa = PBXFileReference; lastKnownFileType = file.storyboard; name = Base; path = Base.lproj/Main.storyboard; sourceTree = "<group>"; };
		24B9C9BC2BFC34CD00C3A00C /* Assets.xcassets */ = {isa = PBXFileReference; lastKnownFileType = folder.assetcatalog; path = Assets.xcassets; sourceTree = "<group>"; };
		24B9C9BF2BFC34CD00C3A00C /* Base */ = {isa = PBXFileReference; lastKnownFileType = file.storyboard; name = Base; path = Base.lproj/LaunchScreen.storyboard; sourceTree = "<group>"; };
		24B9C9C12BFC34CD00C3A00C /* Info.plist */ = {isa = PBXFileReference; lastKnownFileType = text.plist.xml; path = Info.plist; sourceTree = "<group>"; };
		24B9C9C22BFC34CD00C3A00C /* main.m */ = {isa = PBXFileReference; lastKnownFileType = sourcecode.c.objc; path = main.m; sourceTree = "<group>"; };
		5C3BB4A9C6E301BDEF6E8EA6 /* Pods_IDChessboard.framework */ = {isa = PBXFileReference; explicitFileType = wrapper.framework; includeInIndex = 0; path = Pods_IDChessboard.framework; sourceTree = BUILT_PRODUCTS_DIR; };
		7B90AE6098CC1DA6F3CE5E06 /* Pods-IDChessboard.release.xcconfig */ = {isa = PBXFileReference; includeInIndex = 1; lastKnownFileType = text.xcconfig; name = "Pods-IDChessboard.release.xcconfig"; path = "Pods/Target Support Files/Pods-IDChessboard/Pods-IDChessboard.release.xcconfig"; sourceTree = "<group>"; };
		B1C5B9072FE405BD05AF964A /* Pods-IDChessboard.debug.xcconfig */ = {isa = PBXFileReference; includeInIndex = 1; lastKnownFileType = text.xcconfig; name = "Pods-IDChessboard.debug.xcconfig"; path = "Pods/Target Support Files/Pods-IDChessboard/Pods-IDChessboard.debug.xcconfig"; sourceTree = "<group>"; };
/* End PBXFileReference section */

/* Begin PBXFrameworksBuildPhase section */
		24B9C9AA2BFC34CB00C3A00C /* Frameworks */ = {
			isa = PBXFrameworksBuildPhase;
			buildActionMask = 2147483647;
			files = (
				51536F2C9A184448C7EDA743 /* Pods_IDChessboard.framework in Frameworks */,
			);
			runOnlyForDeploymentPostprocessing = 0;
		};
/* End PBXFrameworksBuildPhase section */

/* Begin PBXGroup section */
		24B9C9A42BFC34CB00C3A00C = {
			isa = PBXGroup;
			children = (
				24B9C9AF2BFC34CB00C3A00C /* IDChessboard */,
				24B9C9AE2BFC34CB00C3A00C /* Products */,
				9BF8F717A8E7D1DC6D58D510 /* Pods */,
				8BB99EF453EF682E957C391F /* Frameworks */,
			);
			sourceTree = "<group>";
		};
		24B9C9AE2BFC34CB00C3A00C /* Products */ = {
			isa = PBXGroup;
			children = (
				24B9C9AD2BFC34CB00C3A00C /* IDChessboard.app */,
			);
			name = Products;
			sourceTree = "<group>";
		};
		24B9C9AF2BFC34CB00C3A00C /* IDChessboard */ = {
			isa = PBXGroup;
			children = (
				24579BB62BFC36A100412992 /* CheckeredBoardView.h */,
				24579BB82BFC36A100412992 /* CheckeredBoardView.m */,
				24579BBA2BFC36A200412992 /* CheckeredView.h */,
				24579BB92BFC36A100412992 /* CheckeredView.m */,
				24579BBC2BFC36A200412992 /* NetworkClient.h */,
				24579BB52BFC36A100412992 /* NetworkClient.m */,
				24B9C9B02BFC34CB00C3A00C /* AppDelegate.h */,
				24B9C9B12BFC34CB00C3A00C /* AppDelegate.m */,
				24B9C9B32BFC34CB00C3A00C /* SceneDelegate.h */,
				24B9C9B42BFC34CB00C3A00C /* SceneDelegate.m */,
				24B9C9B62BFC34CB00C3A00C /* ViewController.h */,
				24B9C9B72BFC34CB00C3A00C /* ViewController.m */,
				24B9C9B92BFC34CB00C3A00C /* Main.storyboard */,
				24B9C9BC2BFC34CD00C3A00C /* Assets.xcassets */,
				24B9C9BE2BFC34CD00C3A00C /* LaunchScreen.storyboard */,
				24B9C9C12BFC34CD00C3A00C /* Info.plist */,
				24B9C9C22BFC34CD00C3A00C /* main.m */,
			);
			path = IDChessboard;
			sourceTree = "<group>";
		};
		8BB99EF453EF682E957C391F /* Frameworks */ = {
			isa = PBXGroup;
			children = (
				5C3BB4A9C6E301BDEF6E8EA6 /* Pods_IDChessboard.framework */,
			);
			name = Frameworks;
			sourceTree = "<group>";
		};
		9BF8F717A8E7D1DC6D58D510 /* Pods */ = {
			isa = PBXGroup;
			children = (
				B1C5B9072FE405BD05AF964A /* Pods-IDChessboard.debug.xcconfig */,
				7B90AE6098CC1DA6F3CE5E06 /* Pods-IDChessboard.release.xcconfig */,
			);
			name = Pods;
			sourceTree = "<group>";
		};
/* End PBXGroup section */

/* Begin PBXNativeTarget section */
		24B9C9AC2BFC34CB00C3A00C /* IDChessboard */ = {
			isa = PBXNativeTarget;
			buildConfigurationList = 24B9C9C62BFC34CD00C3A00C /* Build configuration list for PBXNativeTarget "IDChessboard" */;
			buildPhases = (
				DC7B38B9E02712236D0578D0 /* [CP] Check Pods Manifest.lock */,
				24B9C9A92BFC34CB00C3A00C /* Sources */,
				24B9C9AA2BFC34CB00C3A00C /* Frameworks */,
				24B9C9AB2BFC34CB00C3A00C /* Resources */,
				388B595A1DE8B7AC3FDF2521 /* [CP] Embed Pods Frameworks */,
			);
			buildRules = (
			);
			dependencies = (
			);
			name = IDChessboard;
			productName = IDChessboard;
			productReference = 24B9C9AD2BFC34CB00C3A00C /* IDChessboard.app */;
			productType = "com.apple.product-type.application";
		};
/* End PBXNativeTarget section */

/* Begin PBXProject section */
		24B9C9A52BFC34CB00C3A00C /* Project object */ = {
			isa = PBXProject;
			attributes = {
				LastUpgradeCheck = 1170;
				ORGANIZATIONNAME = "Iván Almada";
				TargetAttributes = {
					24B9C9AC2BFC34CB00C3A00C = {
						CreatedOnToolsVersion = 11.7;
					};
				};
			};
			buildConfigurationList = 24B9C9A82BFC34CB00C3A00C /* Build configuration list for PBXProject "IDChessboard" */;
			compatibilityVersion = "Xcode 9.3";
			developmentRegion = en;
			hasScannedForEncodings = 0;
			knownRegions = (
				en,
				Base,
			);
			mainGroup = 24B9C9A42BFC34CB00C3A00C;
			productRefGroup = 24B9C9AE2BFC34CB00C3A00C /* Products */;
			projectDirPath = "";
			projectRoot = "";
			targets = (
				24B9C9AC2BFC34CB00C3A00C /* IDChessboard */,
			);
		};
/* End PBXProject section */

/* Begin PBXResourcesBuildPhase section */
		24B9C9AB2BFC34CB00C3A00C /* Resources */ = {
			isa = PBXResourcesBuildPhase;
			buildActionMask = 2147483647;
			files = (
				24B9C9C02BFC34CD00C3A00C /* LaunchScreen.storyboard in Resources */,
				24B9C9BD2BFC34CD00C3A00C /* Assets.xcassets in Resources */,
				24B9C9BB2BFC34CB00C3A00C /* Main.storyboard in Resources */,
			);
			runOnlyForDeploymentPostprocessing = 0;
		};
/* End PBXResourcesBuildPhase section */

/* Begin PBXShellScriptBuildPhase section */
		388B595A1DE8B7AC3FDF2521 /* [CP] Embed Pods Frameworks */ = {
			isa = PBXShellScriptBuildPhase;
			buildActionMask = 2147483647;
			files = (
			);
			inputPaths = (
				"${SRCROOT}/Pods/Target Support Files/Pods-IDChessboard/Pods-IDChessboard-frameworks.sh",
				"${BUILT_PRODUCTS_DIR}/CocoaAsyncSocket/CocoaAsyncSocket.framework",
			);
			name = "[CP] Embed Pods Frameworks";
			outputPaths = (
				"${TARGET_BUILD_DIR}/${FRAMEWORKS_FOLDER_PATH}/CocoaAsyncSocket.framework",
			);
			runOnlyForDeploymentPostprocessing = 0;
			shellPath = /bin/sh;
			shellScript = "\"${SRCROOT}/Pods/Target Support Files/Pods-IDChessboard/Pods-IDChessboard-frameworks.sh\"\n";
			showEnvVarsInLog = 0;
		};
		DC7B38B9E02712236D0578D0 /* [CP] Check Pods Manifest.lock */ = {
			isa = PBXShellScriptBuildPhase;
			buildActionMask = 2147483647;
			files = (
			);
			inputPaths = (
				"${PODS_PODFILE_DIR_PATH}/Podfile.lock",
				"${PODS_ROOT}/Manifest.lock",
			);
			name = "[CP] Check Pods Manifest.lock";
			outputPaths = (
				"$(DERIVED_FILE_DIR)/Pods-IDChessboard-checkManifestLockResult.txt",
			);
			runOnlyForDeploymentPostprocessing = 0;
			shellPath = /bin/sh;
			shellScript = "diff \"${PODS_PODFILE_DIR_PATH}/Podfile.lock\" \"${PODS_ROOT}/Manifest.lock\" > /dev/null\nif [ $? != 0 ] ; then\n    # print error to STDERR\n    echo \"error: The sandbox is not in sync with the Podfile.lock. Run 'pod install' or update your CocoaPods installation.\" >&2\n    exit 1\nfi\n# This output is used by Xcode 'outputs' to avoid re-running this script phase.\necho \"SUCCESS\" > \"${SCRIPT_OUTPUT_FILE_0}\"\n";
			showEnvVarsInLog = 0;
		};
/* End PBXShellScriptBuildPhase section */

/* Begin PBXSourcesBuildPhase section */
		24B9C9A92BFC34CB00C3A00C /* Sources */ = {
			isa = PBXSourcesBuildPhase;
			buildActionMask = 2147483647;
			files = (
				24579BBD2BFC36A200412992 /* NetworkClient.m in Sources */,
				24B9C9B82BFC34CB00C3A00C /* ViewController.m in Sources */,
				24579BC02BFC36A200412992 /* CheckeredView.m in Sources */,
				24B9C9B22BFC34CB00C3A00C /* AppDelegate.m in Sources */,
				24B9C9C32BFC34CD00C3A00C /* main.m in Sources */,
				24579BBF2BFC36A200412992 /* CheckeredBoardView.m in Sources */,
				24B9C9B52BFC34CB00C3A00C /* SceneDelegate.m in Sources */,
			);
			runOnlyForDeploymentPostprocessing = 0;
		};
/* End PBXSourcesBuildPhase section */

/* Begin PBXVariantGroup section */
		24B9C9B92BFC34CB00C3A00C /* Main.storyboard */ = {
			isa = PBXVariantGroup;
			children = (
				24B9C9BA2BFC34CB00C3A00C /* Base */,
			);
			name = Main.storyboard;
			sourceTree = "<group>";
		};
		24B9C9BE2BFC34CD00C3A00C /* LaunchScreen.storyboard */ = {
			isa = PBXVariantGroup;
			children = (
				24B9C9BF2BFC34CD00C3A00C /* Base */,
			);
			name = LaunchScreen.storyboard;
			sourceTree = "<group>";
		};
/* End PBXVariantGroup section */

/* Begin XCBuildConfiguration section */
		24B9C9C42BFC34CD00C3A00C /* Debug */ = {
			isa = XCBuildConfiguration;
			buildSettings = {
				ALWAYS_SEARCH_USER_PATHS = NO;
				CLANG_ANALYZER_NONNULL = YES;
				CLANG_ANALYZER_NUMBER_OBJECT_CONVERSION = YES_AGGRESSIVE;
				CLANG_CXX_LANGUAGE_STANDARD = "gnu++14";
				CLANG_CXX_LIBRARY = "libc++";
				CLANG_ENABLE_MODULES = YES;
				CLANG_ENABLE_OBJC_ARC = YES;
				CLANG_ENABLE_OBJC_WEAK = YES;
				CLANG_WARN_BLOCK_CAPTURE_AUTORELEASING = YES;
				CLANG_WARN_BOOL_CONVERSION = YES;
				CLANG_WARN_COMMA = YES;
				CLANG_WARN_CONSTANT_CONVERSION = YES;
				CLANG_WARN_DEPRECATED_OBJC_IMPLEMENTATIONS = YES;
				CLANG_WARN_DIRECT_OBJC_ISA_USAGE = YES_ERROR;
				CLANG_WARN_DOCUMENTATION_COMMENTS = YES;
				CLANG_WARN_EMPTY_BODY = YES;
				CLANG_WARN_ENUM_CONVERSION = YES;
				CLANG_WARN_INFINITE_RECURSION = YES;
				CLANG_WARN_INT_CONVERSION = YES;
				CLANG_WARN_NON_LITERAL_NULL_CONVERSION = YES;
				CLANG_WARN_OBJC_IMPLICIT_RETAIN_SELF = YES;
				CLANG_WARN_OBJC_LITERAL_CONVERSION = YES;
				CLANG_WARN_OBJC_ROOT_CLASS = YES_ERROR;
				CLANG_WARN_RANGE_LOOP_ANALYSIS = YES;
				CLANG_WARN_STRICT_PROTOTYPES = YES;
				CLANG_WARN_SUSPICIOUS_MOVE = YES;
				CLANG_WARN_UNGUARDED_AVAILABILITY = YES_AGGRESSIVE;
				CLANG_WARN_UNREACHABLE_CODE = YES;
				CLANG_WARN__DUPLICATE_METHOD_MATCH = YES;
				COPY_PHASE_STRIP = NO;
				DEBUG_INFORMATION_FORMAT = dwarf;
				ENABLE_STRICT_OBJC_MSGSEND = YES;
				ENABLE_TESTABILITY = YES;
				GCC_C_LANGUAGE_STANDARD = gnu11;
				GCC_DYNAMIC_NO_PIC = NO;
				GCC_NO_COMMON_BLOCKS = YES;
				GCC_OPTIMIZATION_LEVEL = 0;
				GCC_PREPROCESSOR_DEFINITIONS = (
					"DEBUG=1",
					"$(inherited)",
				);
				GCC_WARN_64_TO_32_BIT_CONVERSION = YES;
				GCC_WARN_ABOUT_RETURN_TYPE = YES_ERROR;
				GCC_WARN_UNDECLARED_SELECTOR = YES;
				GCC_WARN_UNINITIALIZED_AUTOS = YES_AGGRESSIVE;
				GCC_WARN_UNUSED_FUNCTION = YES;
				GCC_WARN_UNUSED_VARIABLE = YES;
				IPHONEOS_DEPLOYMENT_TARGET = 13.7;
				MTL_ENABLE_DEBUG_INFO = INCLUDE_SOURCE;
				MTL_FAST_MATH = YES;
				ONLY_ACTIVE_ARCH = YES;
				SDKROOT = iphoneos;
			};
			name = Debug;
		};
		24B9C9C52BFC34CD00C3A00C /* Release */ = {
			isa = XCBuildConfiguration;
			buildSettings = {
				ALWAYS_SEARCH_USER_PATHS = NO;
				CLANG_ANALYZER_NONNULL = YES;
				CLANG_ANALYZER_NUMBER_OBJECT_CONVERSION = YES_AGGRESSIVE;
				CLANG_CXX_LANGUAGE_STANDARD = "gnu++14";
				CLANG_CXX_LIBRARY = "libc++";
				CLANG_ENABLE_MODULES = YES;
				CLANG_ENABLE_OBJC_ARC = YES;
				CLANG_ENABLE_OBJC_WEAK = YES;
				CLANG_WARN_BLOCK_CAPTURE_AUTORELEASING = YES;
				CLANG_WARN_BOOL_CONVERSION = YES;
				CLANG_WARN_COMMA = YES;
				CLANG_WARN_CONSTANT_CONVERSION = YES;
				CLANG_WARN_DEPRECATED_OBJC_IMPLEMENTATIONS = YES;
				CLANG_WARN_DIRECT_OBJC_ISA_USAGE = YES_ERROR;
				CLANG_WARN_DOCUMENTATION_COMMENTS = YES;
				CLANG_WARN_EMPTY_BODY = YES;
				CLANG_WARN_ENUM_CONVERSION = YES;
				CLANG_WARN_INFINITE_RECURSION = YES;
				CLANG_WARN_INT_CONVERSION = YES;
				CLANG_WARN_NON_LITERAL_NULL_CONVERSION = YES;
				CLANG_WARN_OBJC_IMPLICIT_RETAIN_SELF = YES;
				CLANG_WARN_OBJC_LITERAL_CONVERSION = YES;
				CLANG_WARN_OBJC_ROOT_CLASS = YES_ERROR;
				CLANG_WARN_RANGE_LOOP_ANALYSIS = YES;
				CLANG_WARN_STRICT_PROTOTYPES = YES;
				CLANG_WARN_SUSPICIOUS_MOVE = YES;
				CLANG_WARN_UNGUARDED_AVAILABILITY = YES_AGGRESSIVE;
				CLANG_WARN_UNREACHABLE_CODE = YES;
				CLANG_WARN__DUPLICATE_METHOD_MATCH = YES;
				COPY_PHASE_STRIP = NO;
				DEBUG_INFORMATION_FORMAT = "dwarf-with-dsym";
				ENABLE_NS_ASSERTIONS = NO;
				ENABLE_STRICT_OBJC_MSGSEND = YES;
				GCC_C_LANGUAGE_STANDARD = gnu11;
				GCC_NO_COMMON_BLOCKS = YES;
				GCC_WARN_64_TO_32_BIT_CONVERSION = YES;
				GCC_WARN_ABOUT_RETURN_TYPE = YES_ERROR;
				GCC_WARN_UNDECLARED_SELECTOR = YES;
				GCC_WARN_UNINITIALIZED_AUTOS = YES_AGGRESSIVE;
				GCC_WARN_UNUSED_FUNCTION = YES;
				GCC_WARN_UNUSED_VARIABLE = YES;
				IPHONEOS_DEPLOYMENT_TARGET = 13.7;
				MTL_ENABLE_DEBUG_INFO = NO;
				MTL_FAST_MATH = YES;
				SDKROOT = iphoneos;
				VALIDATE_PRODUCT = YES;
			};
			name = Release;
		};
		24B9C9C72BFC34CD00C3A00C /* Debug */ = {
			isa = XCBuildConfiguration;
			baseConfigurationReference = B1C5B9072FE405BD05AF964A /* Pods-IDChessboard.debug.xcconfig */;
			buildSettings = {
				ASSETCATALOG_COMPILER_APPICON_NAME = AppIcon;
				CODE_SIGN_STYLE = Automatic;
				INFOPLIST_FILE = IDChessboard/Info.plist;
				LD_RUNPATH_SEARCH_PATHS = (
					"$(inherited)",
					"@executable_path/Frameworks",
				);
				PRODUCT_BUNDLE_IDENTIFIER = com.ivna.IDChessboard;
				PRODUCT_NAME = "$(TARGET_NAME)";
				TARGETED_DEVICE_FAMILY = "1,2";
			};
			name = Debug;
		};
		24B9C9C82BFC34CD00C3A00C /* Release */ = {
			isa = XCBuildConfiguration;
			baseConfigurationReference = 7B90AE6098CC1DA6F3CE5E06 /* Pods-IDChessboard.release.xcconfig */;
			buildSettings = {
				ASSETCATALOG_COMPILER_APPICON_NAME = AppIcon;
				CODE_SIGN_STYLE = Automatic;
				INFOPLIST_FILE = IDChessboard/Info.plist;
				LD_RUNPATH_SEARCH_PATHS = (
					"$(inherited)",
					"@executable_path/Frameworks",
				);
				PRODUCT_BUNDLE_IDENTIFIER = com.ivna.IDChessboard;
				PRODUCT_NAME = "$(TARGET_NAME)";
				TARGETED_DEVICE_FAMILY = "1,2";
			};
			name = Release;
		};
/* End XCBuildConfiguration section */

/* Begin XCConfigurationList section */
		24B9C9A82BFC34CB00C3A00C /* Build configuration list for PBXProject "IDChessboard" */ = {
			isa = XCConfigurationList;
			buildConfigurations = (
				24B9C9C42BFC34CD00C3A00C /* Debug */,
				24B9C9C52BFC34CD00C3A00C /* Release */,
			);
			defaultConfigurationIsVisible = 0;
			defaultConfigurationName = Release;
		};
		24B9C9C62BFC34CD00C3A00C /* Build configuration list for PBXNativeTarget "IDChessboard" */ = {
			isa = XCConfigurationList;
			buildConfigurations = (
				24B9C9C72BFC34CD00C3A00C /* Debug */,
				24B9C9C82BFC34CD00C3A00C /* Release */,
			);
			defaultConfigurationIsVisible = 0;
			defaultConfigurationName = Release;
		};
/* End XCConfigurationList section */
	};
	rootObject = 24B9C9A52BFC34CB00C3A00C /* Project object */;
}
